// !$*UTF8*$!
{
	archiveVersion = 1;
	classes = {
	};
	objectVersion = 56;
	objects = {

/* Begin PBXBuildFile section */
		6F2162252C70617000C96AAF /* HostAppApp.swift in Sources */ = {isa = PBXBuildFile; fileRef = 6F2162242C70617000C96AAF /* HostAppApp.swift */; };
		6F2162272C70617000C96AAF /* HostView.swift in Sources */ = {isa = PBXBuildFile; fileRef = 6F2162262C70617000C96AAF /* HostView.swift */; };
		6F2162292C70617100C96AAF /* Assets.xcassets in Resources */ = {isa = PBXBuildFile; fileRef = 6F2162282C70617100C96AAF /* Assets.xcassets */; };
		6F21622C2C70617100C96AAF /* Preview Assets.xcassets in Resources */ = {isa = PBXBuildFile; fileRef = 6F21622B2C70617100C96AAF /* Preview Assets.xcassets */; };
		6F21624D2C7062B300C96AAF /* HostViewModel.swift in Sources */ = {isa = PBXBuildFile; fileRef = 6F21624C2C7062B300C96AAF /* HostViewModel.swift */; };
		6FDC7E512C8A2F9700906268 /* PeerView.swift in Sources */ = {isa = PBXBuildFile; fileRef = 6FDC7E502C8A2F9700906268 /* PeerView.swift */; };
		6FDC7E532C8A2FC600906268 /* PeerViewModel.swift in Sources */ = {isa = PBXBuildFile; fileRef = 6FDC7E522C8A2FC600906268 /* PeerViewModel.swift */; };
		6FDC7E582C8A306D00906268 /* Menu.swift in Sources */ = {isa = PBXBuildFile; fileRef = 6FDC7E572C8A306D00906268 /* Menu.swift */; };
		6FDC7E5A2C8A323500906268 /* NavigationViewModel.swift in Sources */ = {isa = PBXBuildFile; fileRef = 6FDC7E592C8A323400906268 /* NavigationViewModel.swift */; };
/* End PBXBuildFile section */

/* Begin PBXFileReference section */
		6F2162212C70617000C96AAF /* HostApp.app */ = {isa = PBXFileReference; explicitFileType = wrapper.application; includeInIndex = 0; path = HostApp.app; sourceTree = BUILT_PRODUCTS_DIR; };
		6F2162242C70617000C96AAF /* HostAppApp.swift */ = {isa = PBXFileReference; lastKnownFileType = sourcecode.swift; path = HostAppApp.swift; sourceTree = "<group>"; };
		6F2162262C70617000C96AAF /* HostView.swift */ = {isa = PBXFileReference; lastKnownFileType = sourcecode.swift; path = HostView.swift; sourceTree = "<group>"; };
		6F2162282C70617100C96AAF /* Assets.xcassets */ = {isa = PBXFileReference; lastKnownFileType = folder.assetcatalog; path = Assets.xcassets; sourceTree = "<group>"; };
		6F21622B2C70617100C96AAF /* Preview Assets.xcassets */ = {isa = PBXFileReference; lastKnownFileType = folder.assetcatalog; path = "Preview Assets.xcassets"; sourceTree = "<group>"; };
		6F21624C2C7062B300C96AAF /* HostViewModel.swift */ = {isa = PBXFileReference; lastKnownFileType = sourcecode.swift; path = HostViewModel.swift; sourceTree = "<group>"; };
		6FC00A8E2C74C40B0057FDDA /* Info.plist */ = {isa = PBXFileReference; lastKnownFileType = text.plist; path = Info.plist; sourceTree = "<group>"; };
		6FDC7E502C8A2F9700906268 /* PeerView.swift */ = {isa = PBXFileReference; lastKnownFileType = sourcecode.swift; path = PeerView.swift; sourceTree = "<group>"; };
		6FDC7E522C8A2FC600906268 /* PeerViewModel.swift */ = {isa = PBXFileReference; lastKnownFileType = sourcecode.swift; path = PeerViewModel.swift; sourceTree = "<group>"; };
		6FDC7E572C8A306D00906268 /* Menu.swift */ = {isa = PBXFileReference; lastKnownFileType = sourcecode.swift; path = Menu.swift; sourceTree = "<group>"; };
		6FDC7E592C8A323400906268 /* NavigationViewModel.swift */ = {isa = PBXFileReference; lastKnownFileType = sourcecode.swift; path = NavigationViewModel.swift; sourceTree = "<group>"; };
/* End PBXFileReference section */

/* Begin PBXFrameworksBuildPhase section */
		6F21621E2C70617000C96AAF /* Frameworks */ = {
			isa = PBXFrameworksBuildPhase;
			buildActionMask = 2147483647;
			files = (
			);
			runOnlyForDeploymentPostprocessing = 0;
		};
/* End PBXFrameworksBuildPhase section */

/* Begin PBXGroup section */
		6F2162182C70617000C96AAF = {
			isa = PBXGroup;
			children = (
				6F2162232C70617000C96AAF /* HostApp */,
				6F2162222C70617000C96AAF /* Products */,
			);
			sourceTree = "<group>";
		};
		6F2162222C70617000C96AAF /* Products */ = {
			isa = PBXGroup;
			children = (
				6F2162212C70617000C96AAF /* HostApp.app */,
			);
			name = Products;
			sourceTree = "<group>";
		};
		6F2162232C70617000C96AAF /* HostApp */ = {
			isa = PBXGroup;
			children = (
				6FDC7E562C8A304100906268 /* Config */,
				6FDC7E552C8A2FEE00906268 /* ViewModels */,
				6FDC7E542C8A2FE400906268 /* Views */,
				6FC00A8E2C74C40B0057FDDA /* Info.plist */,
				6F2162282C70617100C96AAF /* Assets.xcassets */,
				6F21622A2C70617100C96AAF /* Preview Content */,
			);
			path = HostApp;
			sourceTree = "<group>";
		};
		6F21622A2C70617100C96AAF /* Preview Content */ = {
			isa = PBXGroup;
			children = (
				6F21622B2C70617100C96AAF /* Preview Assets.xcassets */,
			);
			path = "Preview Content";
			sourceTree = "<group>";
		};
		6FDC7E542C8A2FE400906268 /* Views */ = {
			isa = PBXGroup;
			children = (
				6F2162262C70617000C96AAF /* HostView.swift */,
				6FDC7E502C8A2F9700906268 /* PeerView.swift */,
				6FDC7E572C8A306D00906268 /* Menu.swift */,
			);
			path = Views;
			sourceTree = "<group>";
		};
		6FDC7E552C8A2FEE00906268 /* ViewModels */ = {
			isa = PBXGroup;
			children = (
				6F21624C2C7062B300C96AAF /* HostViewModel.swift */,
				6FDC7E522C8A2FC600906268 /* PeerViewModel.swift */,
				6FDC7E592C8A323400906268 /* NavigationViewModel.swift */,
			);
			path = ViewModels;
			sourceTree = "<group>";
		};
		6FDC7E562C8A304100906268 /* Config */ = {
			isa = PBXGroup;
			children = (
				6F2162242C70617000C96AAF /* HostAppApp.swift */,
			);
			path = Config;
			sourceTree = "<group>";
		};
/* End PBXGroup section */

/* Begin PBXNativeTarget section */
		6F2162202C70617000C96AAF /* HostApp */ = {
			isa = PBXNativeTarget;
			buildConfigurationList = 6F21622F2C70617100C96AAF /* Build configuration list for PBXNativeTarget "HostApp" */;
			buildPhases = (
				6F21621D2C70617000C96AAF /* Sources */,
				6F21621E2C70617000C96AAF /* Frameworks */,
				6F21621F2C70617000C96AAF /* Resources */,
			);
			buildRules = (
			);
			dependencies = (
			);
			name = HostApp;
			productName = HostApp;
			productReference = 6F2162212C70617000C96AAF /* HostApp.app */;
			productType = "com.apple.product-type.application";
		};
/* End PBXNativeTarget section */

/* Begin PBXProject section */
		6F2162192C70617000C96AAF /* Project object */ = {
			isa = PBXProject;
			attributes = {
				BuildIndependentTargetsInParallel = 1;
				LastSwiftUpdateCheck = 1540;
				LastUpgradeCheck = 1540;
				TargetAttributes = {
					6F2162202C70617000C96AAF = {
						CreatedOnToolsVersion = 15.4;
					};
				};
			};
			buildConfigurationList = 6F21621C2C70617000C96AAF /* Build configuration list for PBXProject "HostApp" */;
			compatibilityVersion = "Xcode 14.0";
			developmentRegion = en;
			hasScannedForEncodings = 0;
			knownRegions = (
				en,
				Base,
			);
			mainGroup = 6F2162182C70617000C96AAF;
			productRefGroup = 6F2162222C70617000C96AAF /* Products */;
			projectDirPath = "";
			projectRoot = "";
			targets = (
				6F2162202C70617000C96AAF /* HostApp */,
			);
		};
/* End PBXProject section */

/* Begin PBXResourcesBuildPhase section */
		6F21621F2C70617000C96AAF /* Resources */ = {
			isa = PBXResourcesBuildPhase;
			buildActionMask = 2147483647;
			files = (
				6F21622C2C70617100C96AAF /* Preview Assets.xcassets in Resources */,
				6F2162292C70617100C96AAF /* Assets.xcassets in Resources */,
			);
			runOnlyForDeploymentPostprocessing = 0;
		};
/* End PBXResourcesBuildPhase section */

/* Begin PBXSourcesBuildPhase section */
		6F21621D2C70617000C96AAF /* Sources */ = {
			isa = PBXSourcesBuildPhase;
			buildActionMask = 2147483647;
			files = (
				6FDC7E582C8A306D00906268 /* Menu.swift in Sources */,
				6FDC7E512C8A2F9700906268 /* PeerView.swift in Sources */,
				6F2162272C70617000C96AAF /* HostView.swift in Sources */,
				6FDC7E5A2C8A323500906268 /* NavigationViewModel.swift in Sources */,
				6F21624D2C7062B300C96AAF /* HostViewModel.swift in Sources */,
				6FDC7E532C8A2FC600906268 /* PeerViewModel.swift in Sources */,
				6F2162252C70617000C96AAF /* HostAppApp.swift in Sources */,
			);
			runOnlyForDeploymentPostprocessing = 0;
		};
/* End PBXSourcesBuildPhase section */

/* Begin XCBuildConfiguration section */
		6F21622D2C70617100C96AAF /* Debug */ = {
			isa = XCBuildConfiguration;
			buildSettings = {
				ALWAYS_SEARCH_USER_PATHS = NO;
				ASSETCATALOG_COMPILER_GENERATE_SWIFT_ASSET_SYMBOL_EXTENSIONS = YES;
				CLANG_ANALYZER_NONNULL = YES;
				CLANG_ANALYZER_NUMBER_OBJECT_CONVERSION = YES_AGGRESSIVE;
				CLANG_CXX_LANGUAGE_STANDARD = "gnu++20";
				CLANG_ENABLE_MODULES = YES;
				CLANG_ENABLE_OBJC_ARC = YES;
				CLANG_ENABLE_OBJC_WEAK = YES;
				CLANG_WARN_BLOCK_CAPTURE_AUTORELEASING = YES;
				CLANG_WARN_BOOL_CONVERSION = YES;
				CLANG_WARN_COMMA = YES;
				CLANG_WARN_CONSTANT_CONVERSION = YES;
				CLANG_WARN_DEPRECATED_OBJC_IMPLEMENTATIONS = YES;
				CLANG_WARN_DIRECT_OBJC_ISA_USAGE = YES_ERROR;
				CLANG_WARN_DOCUMENTATION_COMMENTS = YES;
				CLANG_WARN_EMPTY_BODY = YES;
				CLANG_WARN_ENUM_CONVERSION = YES;
				CLANG_WARN_INFINITE_RECURSION = YES;
				CLANG_WARN_INT_CONVERSION = YES;
				CLANG_WARN_NON_LITERAL_NULL_CONVERSION = YES;
				CLANG_WARN_OBJC_IMPLICIT_RETAIN_SELF = YES;
				CLANG_WARN_OBJC_LITERAL_CONVERSION = YES;
				CLANG_WARN_OBJC_ROOT_CLASS = YES_ERROR;
				CLANG_WARN_QUOTED_INCLUDE_IN_FRAMEWORK_HEADER = YES;
				CLANG_WARN_RANGE_LOOP_ANALYSIS = YES;
				CLANG_WARN_STRICT_PROTOTYPES = YES;
				CLANG_WARN_SUSPICIOUS_MOVE = YES;
				CLANG_WARN_UNGUARDED_AVAILABILITY = YES_AGGRESSIVE;
				CLANG_WARN_UNREACHABLE_CODE = YES;
				CLANG_WARN__DUPLICATE_METHOD_MATCH = YES;
				COPY_PHASE_STRIP = NO;
				DEBUG_INFORMATION_FORMAT = dwarf;
				ENABLE_STRICT_OBJC_MSGSEND = YES;
				ENABLE_TESTABILITY = YES;
				ENABLE_USER_SCRIPT_SANDBOXING = YES;
				GCC_C_LANGUAGE_STANDARD = gnu17;
				GCC_DYNAMIC_NO_PIC = NO;
				GCC_NO_COMMON_BLOCKS = YES;
				GCC_OPTIMIZATION_LEVEL = 0;
				GCC_PREPROCESSOR_DEFINITIONS = (
					"DEBUG=1",
					"$(inherited)",
				);
				GCC_WARN_64_TO_32_BIT_CONVERSION = YES;
				GCC_WARN_ABOUT_RETURN_TYPE = YES_ERROR;
				GCC_WARN_UNDECLARED_SELECTOR = YES;
				GCC_WARN_UNINITIALIZED_AUTOS = YES_AGGRESSIVE;
				GCC_WARN_UNUSED_FUNCTION = YES;
				GCC_WARN_UNUSED_VARIABLE = YES;
				IPHONEOS_DEPLOYMENT_TARGET = 17.5;
				LOCALIZATION_PREFERS_STRING_CATALOGS = YES;
				MTL_ENABLE_DEBUG_INFO = INCLUDE_SOURCE;
				MTL_FAST_MATH = YES;
				ONLY_ACTIVE_ARCH = YES;
				SDKROOT = iphoneos;
				SWIFT_ACTIVE_COMPILATION_CONDITIONS = "DEBUG $(inherited)";
				SWIFT_OPTIMIZATION_LEVEL = "-Onone";
			};
			name = Debug;
		};
		6F21622E2C70617100C96AAF /* Release */ = {
			isa = XCBuildConfiguration;
			buildSettings = {
				ALWAYS_SEARCH_USER_PATHS = NO;
				ASSETCATALOG_COMPILER_GENERATE_SWIFT_ASSET_SYMBOL_EXTENSIONS = YES;
				CLANG_ANALYZER_NONNULL = YES;
				CLANG_ANALYZER_NUMBER_OBJECT_CONVERSION = YES_AGGRESSIVE;
				CLANG_CXX_LANGUAGE_STANDARD = "gnu++20";
				CLANG_ENABLE_MODULES = YES;
				CLANG_ENABLE_OBJC_ARC = YES;
				CLANG_ENABLE_OBJC_WEAK = YES;
				CLANG_WARN_BLOCK_CAPTURE_AUTORELEASING = YES;
				CLANG_WARN_BOOL_CONVERSION = YES;
				CLANG_WARN_COMMA = YES;
				CLANG_WARN_CONSTANT_CONVERSION = YES;
				CLANG_WARN_DEPRECATED_OBJC_IMPLEMENTATIONS = YES;
				CLANG_WARN_DIRECT_OBJC_ISA_USAGE = YES_ERROR;
				CLANG_WARN_DOCUMENTATION_COMMENTS = YES;
				CLANG_WARN_EMPTY_BODY = YES;
				CLANG_WARN_ENUM_CONVERSION = YES;
				CLANG_WARN_INFINITE_RECURSION = YES;
				CLANG_WARN_INT_CONVERSION = YES;
				CLANG_WARN_NON_LITERAL_NULL_CONVERSION = YES;
				CLANG_WARN_OBJC_IMPLICIT_RETAIN_SELF = YES;
				CLANG_WARN_OBJC_LITERAL_CONVERSION = YES;
				CLANG_WARN_OBJC_ROOT_CLASS = YES_ERROR;
				CLANG_WARN_QUOTED_INCLUDE_IN_FRAMEWORK_HEADER = YES;
				CLANG_WARN_RANGE_LOOP_ANALYSIS = YES;
				CLANG_WARN_STRICT_PROTOTYPES = YES;
				CLANG_WARN_SUSPICIOUS_MOVE = YES;
				CLANG_WARN_UNGUARDED_AVAILABILITY = YES_AGGRESSIVE;
				CLANG_WARN_UNREACHABLE_CODE = YES;
				CLANG_WARN__DUPLICATE_METHOD_MATCH = YES;
				COPY_PHASE_STRIP = NO;
				DEBUG_INFORMATION_FORMAT = "dwarf-with-dsym";
				ENABLE_NS_ASSERTIONS = NO;
				ENABLE_STRICT_OBJC_MSGSEND = YES;
				ENABLE_USER_SCRIPT_SANDBOXING = YES;
				GCC_C_LANGUAGE_STANDARD = gnu17;
				GCC_NO_COMMON_BLOCKS = YES;
				GCC_WARN_64_TO_32_BIT_CONVERSION = YES;
				GCC_WARN_ABOUT_RETURN_TYPE = YES_ERROR;
				GCC_WARN_UNDECLARED_SELECTOR = YES;
				GCC_WARN_UNINITIALIZED_AUTOS = YES_AGGRESSIVE;
				GCC_WARN_UNUSED_FUNCTION = YES;
				GCC_WARN_UNUSED_VARIABLE = YES;
				IPHONEOS_DEPLOYMENT_TARGET = 17.5;
				LOCALIZATION_PREFERS_STRING_CATALOGS = YES;
				MTL_ENABLE_DEBUG_INFO = NO;
				MTL_FAST_MATH = YES;
				SDKROOT = iphoneos;
				SWIFT_COMPILATION_MODE = wholemodule;
				VALIDATE_PRODUCT = YES;
			};
			name = Release;
		};
		6F2162302C70617100C96AAF /* Debug */ = {
			isa = XCBuildConfiguration;
			buildSettings = {
				ASSETCATALOG_COMPILER_APPICON_NAME = AppIcon;
				ASSETCATALOG_COMPILER_GLOBAL_ACCENT_COLOR_NAME = AccentColor;
				CODE_SIGN_STYLE = Automatic;
				CURRENT_PROJECT_VERSION = 1;
				DEVELOPMENT_ASSET_PATHS = "\"HostApp/Preview Content\"";
				DEVELOPMENT_TEAM = 4XY84J5345;
				ENABLE_PREVIEWS = YES;
				GENERATE_INFOPLIST_FILE = YES;
				INFOPLIST_FILE = HostApp/Info.plist;
				INFOPLIST_KEY_UIApplicationSceneManifest_Generation = YES;
				INFOPLIST_KEY_UIApplicationSupportsIndirectInputEvents = YES;
				INFOPLIST_KEY_UILaunchScreen_Generation = YES;
				INFOPLIST_KEY_UISupportedInterfaceOrientations_iPad = "UIInterfaceOrientationPortrait UIInterfaceOrientationPortraitUpsideDown UIInterfaceOrientationLandscapeLeft UIInterfaceOrientationLandscapeRight";
				INFOPLIST_KEY_UISupportedInterfaceOrientations_iPhone = "UIInterfaceOrientationPortrait UIInterfaceOrientationLandscapeLeft UIInterfaceOrientationLandscapeRight";
				LD_RUNPATH_SEARCH_PATHS = (
					"$(inherited)",
					"@executable_path/Frameworks",
				);
				MARKETING_VERSION = 1.0;
				PRODUCT_BUNDLE_IDENTIFIER = net.idserve.emao.HostApp;
				PRODUCT_NAME = "$(TARGET_NAME)";
				SWIFT_EMIT_LOC_STRINGS = YES;
				SWIFT_VERSION = 5.0;
				TARGETED_DEVICE_FAMILY = "1,2";
			};
			name = Debug;
		};
		6F2162312C70617100C96AAF /* Release */ = {
			isa = XCBuildConfiguration;
			buildSettings = {
				ASSETCATALOG_COMPILER_APPICON_NAME = AppIcon;
				ASSETCATALOG_COMPILER_GLOBAL_ACCENT_COLOR_NAME = AccentColor;
				CODE_SIGN_STYLE = Automatic;
				CURRENT_PROJECT_VERSION = 1;
				DEVELOPMENT_ASSET_PATHS = "\"HostApp/Preview Content\"";
				DEVELOPMENT_TEAM = 4XY84J5345;
				ENABLE_PREVIEWS = YES;
				GENERATE_INFOPLIST_FILE = YES;
				INFOPLIST_FILE = HostApp/Info.plist;
				INFOPLIST_KEY_UIApplicationSceneManifest_Generation = YES;
				INFOPLIST_KEY_UIApplicationSupportsIndirectInputEvents = YES;
				INFOPLIST_KEY_UILaunchScreen_Generation = YES;
				INFOPLIST_KEY_UISupportedInterfaceOrientations_iPad = "UIInterfaceOrientationPortrait UIInterfaceOrientationPortraitUpsideDown UIInterfaceOrientationLandscapeLeft UIInterfaceOrientationLandscapeRight";
				INFOPLIST_KEY_UISupportedInterfaceOrientations_iPhone = "UIInterfaceOrientationPortrait UIInterfaceOrientationLandscapeLeft UIInterfaceOrientationLandscapeRight";
				LD_RUNPATH_SEARCH_PATHS = (
					"$(inherited)",
					"@executable_path/Frameworks",
				);
				MARKETING_VERSION = 1.0;
				PRODUCT_BUNDLE_IDENTIFIER = net.idserve.emao.HostApp;
				PRODUCT_NAME = "$(TARGET_NAME)";
				SWIFT_EMIT_LOC_STRINGS = YES;
				SWIFT_VERSION = 5.0;
				TARGETED_DEVICE_FAMILY = "1,2";
			};
			name = Release;
		};
/* End XCBuildConfiguration section */

/* Begin XCConfigurationList section */
		6F21621C2C70617000C96AAF /* Build configuration list for PBXProject "HostApp" */ = {
			isa = XCConfigurationList;
			buildConfigurations = (
				6F21622D2C70617100C96AAF /* Debug */,
				6F21622E2C70617100C96AAF /* Release */,
			);
			defaultConfigurationIsVisible = 0;
			defaultConfigurationName = Release;
		};
		6F21622F2C70617100C96AAF /* Build configuration list for PBXNativeTarget "HostApp" */ = {
			isa = XCConfigurationList;
			buildConfigurations = (
				6F2162302C70617100C96AAF /* Debug */,
				6F2162312C70617100C96AAF /* Release */,
			);
			defaultConfigurationIsVisible = 0;
			defaultConfigurationName = Release;
		};
/* End XCConfigurationList section */
	};
	rootObject = 6F2162192C70617000C96AAF /* Project object */;
}
